{
  "lockfileVersion": 1,
  "configVersion": 1,
  "workspaces": {
    "": {
      "name": "physlab-workspace",
    },
    "mcp-server": {
      "name": "physlab",
      "version": "0.0.0",
      "devDependencies": {
        "@biomejs/biome": "^2.3.8",
        "license-checker-rseidelsohn": "^5.0.1",
        "typescript": "^5.9.3",
      },
    },
  },
  "packages": {
    "@biomejs/biome": ["@biomejs/biome@2.4.16", "", { "optionalDependencies": { "@biomejs/cli-darwin-arm64": "2.4.16", "@biomejs/cli-darwin-x64": "2.4.16", "@biomejs/cli-linux-arm64": "2.4.16", "@biomejs/cli-linux-arm64-musl": "2.4.16", "@biomejs/cli-linux-x64": "2.4.16", "@biomejs/cli-linux-x64-musl": "2.4.16", "@biomejs/cli-win32-arm64": "2.4.16", "@biomejs/cli-win32-x64": "2.4.16" }, "bin": { "biome": "bin/biome" } }, "sha512-x9ajFh1zChVybCiM3TN6OD4phAqLgtPZjFrZF+aTMYCPjwBO+k529TX7PPsAqtGNLeV4UgzwQnowEgS7bGmzcA=="],

    "@biomejs/cli-darwin-arm64": ["@biomejs/cli-darwin-arm64@2.4.16", "", { "os": "darwin", "cpu": "arm64" }, "sha512-wxPvu4XOA85YJk9ixSWUmq/QBHbid85BISbOAqqBM/5xQpPk9ayjk5375tOlSC0BeCwNSbPFafQBm+vBumXq0A=="],

    "@biomejs/cli-darwin-x64": ["@biomejs/cli-darwin-x64@2.4.16", "", { "os": "darwin", "cpu": "x64" }, "sha512-xFCqGPwYusQJp4N4NJLi1XJiZqjwFdjhT+KqtNy+Ug3qgfczqnTa6MSDvxJF6TkuDLoYJItMapz6tAf7kCekFw=="],

    "@biomejs/cli-linux-arm64": ["@biomejs/cli-linux-arm64@2.4.16", "", { "os": "linux", "cpu": "arm64" }, "sha512-2kFb4//jxfZaP6D+Rj5VkHkxgyD9EoRAVBEQb8PKRv+s4NO2zYNJKXFaJmK1CmhufJOWEfpHKaRbOja7qjmdhQ=="],

    "@biomejs/cli-linux-arm64-musl": ["@biomejs/cli-linux-arm64-musl@2.4.16", "", { "os": "linux", "cpu": "arm64" }, "sha512-oYxnW0ARfJkr72ezzF2OR8N/rtkgLUQeYtF8cFhVswbknHxtTcmzSsanVJP8yQKnGpGpc2ck6c5zLvHahL6Cbg=="],

    "@biomejs/cli-linux-x64": ["@biomejs/cli-linux-x64@2.4.16", "", { "os": "linux", "cpu": "x64" }, "sha512-NbcBbi/nJqn5baae6wqRXdS7Gadf2uRpehSh6vMSYpG8OhkXl/Xg8aorWrJ+9VWqAT5ml90alLvorkpMW0nBwQ=="],

    "@biomejs/cli-linux-x64-musl": ["@biomejs/cli-linux-x64-musl@2.4.16", "", { "os": "linux", "cpu": "x64" }, "sha512-iHDS+MCM65DPqWGu+ECC3uoALyj2H7F4nVUPxIPjz/PIl94EUu+EDfGZDzFP+NY1EOPVt9NQvwFqq7HdMmowdg=="],

    "@biomejs/cli-win32-arm64": ["@biomejs/cli-win32-arm64@2.4.16", "", { "os": "win32", "cpu": "arm64" }, "sha512-0rgImMsNb5v/chhkIFe3wu7PEFClS6RBAYUijGL9UsYN3PanSaoK24HSSuSJb1pYbYYVjzAyZTl3gtjJ84BM8A=="],

    "@biomejs/cli-win32-x64": ["@biomejs/cli-win32-x64@2.4.16", "", { "os": "win32", "cpu": "x64" }, "sha512-Kp85jgoBHa05gix6UIRjfCDiUV3w/8VIdZ247VyyO2gEjaw12WEVhdIjlxp/AMzXxqxQwbxNTDVZ3Mwd2RG5rw=="],

    "@gar/promise-retry": ["@gar/promise-retry@1.0.3", "", {}, "sha512-GmzA9ckNokPypTg10pgpeHNQe7ph+iIKKmhKu3Ob9ANkswreCx7R3cKmY781K8QK3AqVL3xVh9A42JvIAbkkSA=="],

    "@isaacs/fs-minipass": ["@isaacs/fs-minipass@4.0.1", "", { "dependencies": { "minipass": "^7.0.4" } }, "sha512-wgm9Ehl2jpeqP3zw/7mo3kRHFp5MEDhqAdwy1fTGkHAwnkGOVsgpvQhL8B5n1qlb01jV3n/bI0ZfZp5lWA1k4w=="],

    "@isaacs/string-locale-compare": ["@isaacs/string-locale-compare@1.1.0", "", {}, "sha512-SQ7Kzhh9+D+ZW9MA0zkYv3VXhIDNx+LzM6EJ+/65I3QY+enU6Itte7E5XX7EWrqLW2FN4n06GWzBnPoC3th2aQ=="],

    "@npmcli/agent": ["@npmcli/agent@4.0.2", "", { "dependencies": { "agent-base": "^7.1.0", "http-proxy-agent": "^7.0.0", "https-proxy-agent": "^7.0.1", "lru-cache": "^11.2.1", "socks-proxy-agent": "^8.0.3" } }, "sha512-EUEuWAxnL07Sp5/iC/1X6Xj+XThUvnbei9zfRWZdEXa7lss9RTHMhAHBeg+MZ5To9s/gGaSI+UwZTPdYMvKSeg=="],

    "@npmcli/arborist": ["@npmcli/arborist@9.6.0", "", { "dependencies": { "@gar/promise-retry": "^1.0.0", "@isaacs/string-locale-compare": "^1.1.0", "@npmcli/fs": "^5.0.0", "@npmcli/installed-package-contents": "^4.0.0", "@npmcli/map-workspaces": "^5.0.0", "@npmcli/metavuln-calculator": "^9.0.2", "@npmcli/name-from-folder": "^4.0.0", "@npmcli/node-gyp": "^5.0.0", "@npmcli/package-json": "^7.0.0", "@npmcli/query": "^5.0.0", "@npmcli/redact": "^4.0.0", "@npmcli/run-script": "^10.0.0", "bin-links": "^6.0.0", "cacache": "^20.0.1", "common-ancestor-path": "^2.0.0", "hosted-git-info": "^9.0.0", "json-stringify-nice": "^1.1.4", "lru-cache": "^11.2.1", "minimatch": "^10.0.3", "nopt": "^9.0.0", "npm-install-checks": "^8.0.0", "npm-package-arg": "^13.0.0", "npm-pick-manifest": "^11.0.1", "npm-registry-fetch": "^19.0.0", "pacote": "^21.0.2", "parse-conflict-json": "^5.0.1", "proc-log": "^6.0.0", "proggy": "^4.0.0", "promise-all-reject-late": "^1.0.0", "promise-call-limit": "^3.0.1", "semver": "^7.3.7", "ssri": "^13.0.0", "treeverse": "^3.0.0", "walk-up-path": "^4.0.0" }, "bin": { "arborist": "bin/index.js" } }, "sha512-Dku9UWbrrX+UCu8rQ1obGKaQAL4kwdt3hHCNXrd0n0R/4B8oq3CzloUAShwFjfsAGM6KY27gPuNftOUEZ4nhOw=="],

    "@npmcli/fs": ["@npmcli/fs@5.0.0", "", { "dependencies": { "semver": "^7.3.5" } }, "sha512-7OsC1gNORBEawOa5+j2pXN9vsicaIOH5cPXxoR6fJOmH6/EXpJB2CajXOu1fPRFun2m1lktEFX11+P89hqO/og=="],

    "@npmcli/git": ["@npmcli/git@7.0.2", "", { "dependencies": { "@gar/promise-retry": "^1.0.0", "@npmcli/promise-spawn": "^9.0.0", "ini": "^6.0.0", "lru-cache": "^11.2.1", "npm-pick-manifest": "^11.0.1", "proc-log": "^6.0.0", "semver": "^7.3.5", "which": "^6.0.0" } }, "sha512-oeolHDjExNAJAnlYP2qzNjMX/Xi9bmu78C9dIGr4xjobrSKbuMYCph8lTzn4vnW3NjIqVmw/f8BCfouqyJXlRg=="],

    "@npmcli/installed-package-contents": ["@npmcli/installed-package-contents@4.0.0", "", { "dependencies": { "npm-bundled": "^5.0.0", "npm-normalize-package-bin": "^5.0.0" }, "bin": { "installed-package-contents": "bin/index.js" } }, "sha512-yNyAdkBxB72gtZ4GrwXCM0ZUedo9nIbOMKfGjt6Cu6DXf0p8y1PViZAKDC8q8kv/fufx0WTjRBdSlyrvnP7hmA=="],

    "@npmcli/map-workspaces": ["@npmcli/map-workspaces@5.0.3", "", { "dependencies": { "@npmcli/name-from-folder": "^4.0.0", "@npmcli/package-json": "^7.0.0", "glob": "^13.0.0", "minimatch": "^10.0.3" } }, "sha512-o2grssXo1e774E5OtEwwrgoszYRh0lqkJH+Pb9r78UcqdGJRDRfhpM8DvZPjzNLLNYeD/rNbjOKM3Ss5UABROw=="],

    "@npmcli/metavuln-calculator": ["@npmcli/metavuln-calculator@9.0.3", "", { "dependencies": { "cacache": "^20.0.0", "json-parse-even-better-errors": "^5.0.0", "pacote": "^21.0.0", "proc-log": "^6.0.0", "semver": "^7.3.5" } }, "sha512-94GLSYhLXF2t2LAC7pDwLaM4uCARzxShyAQKsirmlNcpidH89VA4/+K1LbJmRMgz5gy65E/QBBWQdUvGLe2Frg=="],

    "@npmcli/name-from-folder": ["@npmcli/name-from-folder@4.0.0", "", {}, "sha512-qfrhVlOSqmKM8i6rkNdZzABj8MKEITGFAY+4teqBziksCQAOLutiAxM1wY2BKEd8KjUSpWmWCYxvXr0y4VTlPg=="],

    "@npmcli/node-gyp": ["@npmcli/node-gyp@5.0.0", "", {}, "sha512-uuG5HZFXLfyFKqg8QypsmgLQW7smiRjVc45bqD/ofZZcR/uxEjgQU8qDPv0s9TEeMUiAAU/GC5bR6++UdTirIQ=="],

    "@npmcli/package-json": ["@npmcli/package-json@7.0.5", "", { "dependencies": { "@npmcli/git": "^7.0.0", "glob": "^13.0.0", "hosted-git-info": "^9.0.0", "json-parse-even-better-errors": "^5.0.0", "proc-log": "^6.0.0", "semver": "^7.5.3", "spdx-expression-parse": "^4.0.0" } }, "sha512-iVuTlG3ORq2iaVa1IWUxAO/jIp77tUKBhoMjuzYW2kL4MLN1bi/ofqkZ7D7OOwh8coAx1/S2ge0rMdGv8sLSOQ=="],

    "@npmcli/promise-spawn": ["@npmcli/promise-spawn@9.0.1", "", { "dependencies": { "which": "^6.0.0" } }, "sha512-OLUaoqBuyxeTqUvjA3FZFiXUfYC1alp3Sa99gW3EUDz3tZ3CbXDdcZ7qWKBzicrJleIgucoWamWH1saAmH/l2Q=="],

    "@npmcli/query": ["@npmcli/query@5.0.0", "", { "dependencies": { "postcss-selector-parser": "^7.0.0" } }, "sha512-8TZWfTQOsODpLqo9SVhVjHovmKXNpevHU0gO9e+y4V4fRIOneiXy0u0sMP9LmS71XivrEWfZWg50ReH4WRT4aQ=="],

    "@npmcli/redact": ["@npmcli/redact@4.0.0", "", {}, "sha512-gOBg5YHMfZy+TfHArfVogwgfBeQnKbbGo3pSUyK/gSI0AVu+pEiDVcKlQb0D8Mg1LNRZILZ6XG8I5dJ4KuAd9Q=="],

    "@npmcli/run-script": ["@npmcli/run-script@10.0.4", "", { "dependencies": { "@npmcli/node-gyp": "^5.0.0", "@npmcli/package-json": "^7.0.0", "@npmcli/promise-spawn": "^9.0.0", "node-gyp": "^12.1.0", "proc-log": "^6.0.0" } }, "sha512-mGUWr1uMnf0le2TwfOZY4SFxZGXGfm4Jtay/nwAa2FLNAKXUoUwaGwBMNH36UHPtinWfTSJ3nqFQr0091CxVGg=="],

    "@sigstore/bundle": ["@sigstore/bundle@4.0.0", "", { "dependencies": { "@sigstore/protobuf-specs": "^0.5.0" } }, "sha512-NwCl5Y0V6Di0NexvkTqdoVfmjTaQwoLM236r89KEojGmq/jMls8S+zb7yOwAPdXvbwfKDlP+lmXgAL4vKSQT+A=="],

    "@sigstore/core": ["@sigstore/core@3.2.1", "", {}, "sha512-qRsxPnCrbC/puegGxKuynfnxgLiHqWStrSjxkoB4YKqq3Z3s4cyZyj42ZdWFAEblNP65C+rBH8EuREHIXoi83g=="],

    "@sigstore/protobuf-specs": ["@sigstore/protobuf-specs@0.5.1", "", {}, "sha512-/ScWUhhoFasJsSRGTVBwId1loQjjnjAfE4djL6ZhrXRpNCmPTnUKF5Jokd58ILseOMjzET3UrMOtJPS9sYeI0g=="],

    "@sigstore/sign": ["@sigstore/sign@4.1.1", "", { "dependencies": { "@gar/promise-retry": "^1.0.2", "@sigstore/bundle": "^4.0.0", "@sigstore/core": "^3.2.0", "@sigstore/protobuf-specs": "^0.5.0", "make-fetch-happen": "^15.0.4", "proc-log": "^6.1.0" } }, "sha512-Hf4xglukg0XXQ2RiD5vSoLjdPe8OBUPA8XeVjUObheuDcWdYWrnH/BNmxZCzkAy68MzmNCxXLeurJvs6hcP2OQ=="],

    "@sigstore/tuf": ["@sigstore/tuf@4.0.2", "", { "dependencies": { "@sigstore/protobuf-specs": "^0.5.0", "tuf-js": "^4.1.0" } }, "sha512-TCAzTy0xzdP79EnxSjq9KQ3eaR7+FmudLC6eRKknVKZbV7ZNlGLClAAQb/HMNJ5n2OBNk2GT1tEmU0xuPr+SLQ=="],

    "@sigstore/verify": ["@sigstore/verify@3.1.1", "", { "dependencies": { "@sigstore/bundle": "^4.0.0", "@sigstore/core": "^3.2.1", "@sigstore/protobuf-specs": "^0.5.0" } }, "sha512-qv7+G3J2cc6wwFj3yKvXOamzqhMwSk1ogPGmhpS8iXllcPrJaIIBA+4HbttlHVu1pqWTdmaCH/WE7UOC51kdoA=="],

    "@tufjs/canonical-json": ["@tufjs/canonical-json@2.0.0", "", {}, "sha512-yVtV8zsdo8qFHe+/3kw81dSLyF7D576A5cCFCi4X7B39tWT7SekaEFUnvnWJHz+9qO7qJTah1JbrDjWKqFtdWA=="],

    "@tufjs/models": ["@tufjs/models@4.1.0", "", { "dependencies": { "@tufjs/canonical-json": "2.0.0", "minimatch": "^10.1.1" } }, "sha512-Y8cK9aggNRsqJVaKUlEYs4s7CvQ1b1ta2DVPyAimb0I2qhzjNk+A+mxvll/klL0RlfuIUei8BF7YWiua4kQqww=="],

    "abbrev": ["abbrev@2.0.0", "", {}, "sha512-6/mh1E2u2YgEsCHdY0Yx5oW+61gZU+1vXaoiHHrpKeuRNNgFvS+/jrwHiQhB5apAf5oB7UB7E19ol2R2LKH8hQ=="],

    "agent-base": ["agent-base@7.1.4", "", {}, "sha512-MnA+YT8fwfJPgBx3m60MNqakm30XOkyIoH1y6huTQvC0PwZG7ki8NacLBcrPbNoo8vEZy7Jpuk7+jMO+CUovTQ=="],

    "ansi-styles": ["ansi-styles@4.3.0", "", { "dependencies": { "color-convert": "^2.0.1" } }, "sha512-zbB9rCJAT1rbjiVDb2hqKFHNYLxgtk8NURxZ3IZwD3F6NtxbXZQCnnSi1Lkx+IDohdPlFp222wVALIheZJQSEg=="],

    "array-find-index": ["array-find-index@1.0.2", "", {}, "sha512-M1HQyIXcBGtVywBt8WVdim+lrNaK7VHp99Qt5pSNziXznKHViIBbXWtfRTpEFpF/c4FdfxNAsCCwPp5phBYJtw=="],

    "balanced-match": ["balanced-match@4.0.4", "", {}, "sha512-BLrgEcRTwX2o6gGxGOCNyMvGSp35YofuYzw9h1IMTRmKqttAZZVU67bdb9Pr2vUHA8+j3i2tJfjO6C6+4myGTA=="],

    "bin-links": ["bin-links@6.0.2", "", { "dependencies": { "cmd-shim": "^8.0.0", "npm-normalize-package-bin": "^5.0.0", "proc-log": "^6.0.0", "read-cmd-shim": "^6.0.0", "write-file-atomic": "^7.0.0" } }, "sha512-frE1t78WOwJ45PKV2cF2tNPjTcs9L1J9s6VkrV59wanRP4GlaomuxYPVma7BwthMg8WnfSory4w5PTE6FZZ81w=="],

    "brace-expansion": ["brace-expansion@5.0.6", "", { "dependencies": { "balanced-match": "^4.0.2" } }, "sha512-kLpxurY4Z4r9sgMsyG0Z9uzsBlgiU/EFKhj/h91/8yHu0edo7XuixOIH3VcJ8kkxs6/jPzoI6U9Vj3WqbMQ94g=="],

    "cacache": ["cacache@20.0.4", "", { "dependencies": { "@npmcli/fs": "^5.0.0", "fs-minipass": "^3.0.0", "glob": "^13.0.0", "lru-cache": "^11.1.0", "minipass": "^7.0.3", "minipass-collect": "^2.0.1", "minipass-flush": "^1.0.5", "minipass-pipeline": "^1.2.4", "p-map": "^7.0.2", "ssri": "^13.0.0" } }, "sha512-M3Lab8NPYlZU2exsL3bMVvMrMqgwCnMWfdZbK28bn3pK6APT/Te/I8hjRPNu1uwORY9a1eEQoifXbKPQMfMTOA=="],

    "chalk": ["chalk@4.1.2", "", { "dependencies": { "ansi-styles": "^4.1.0", "supports-color": "^7.1.0" } }, "sha512-oKnbhFyRIXpUuez8iBMmyEa4nbj4IOQyuhc/wy9kY7/WVPcwIO9VA668Pu8RkO7+0G76SLROeyw9CpQ061i4mA=="],

    "chownr": ["chownr@3.0.0", "", {}, "sha512-+IxzY9BZOQd/XuYPRmrvEVjF/nqj5kgT4kEq7VofrDoM1MxoRjEWkrCC3EtLi59TVawxTAn+orJwFQcrqEN1+g=="],

    "cmd-shim": ["cmd-shim@8.0.0", "", {}, "sha512-Jk/BK6NCapZ58BKUxlSI+ouKRbjH1NLZCgJkYoab+vEHUY3f6OzpNBN9u7HFSv9J6TRDGs4PLOHezoKGaFRSCA=="],

    "color-convert": ["color-convert@2.0.1", "", { "dependencies": { "color-name": "~1.1.4" } }, "sha512-RRECPsj7iu/xb5oKYcsFHSppFNnsj/52OVTRKb4zP5onXwVF3zVmmToNcOfGC+CRDpfK/U584fMg38ZHCaElKQ=="],

    "color-name": ["color-name@1.1.4", "", {}, "sha512-dOy+3AuW3a2wNbZHIuMZpTcgjGuLU/uBL/ubcZF9OXbDo8ff4O8yVp5Bf0efS8uEoYo5q4Fx7dY9OgQGXgAsQA=="],

    "common-ancestor-path": ["common-ancestor-path@2.0.0", "", {}, "sha512-dnN3ibLeoRf2HNC+OlCiNc5d2zxbLJXOtiZUudNFSXZrNSydxcCsSpRzXwfu7BBWCIfHPw+xTayeBvJCP/D8Ng=="],

    "cssesc": ["cssesc@3.0.0", "", { "bin": { "cssesc": "bin/cssesc" } }, "sha512-/Tb/JcjK111nNScGob5MNtsntNM1aCNUDipB/TkwZFhyDrrE47SOx/18wF2bbjgc3ZzCSKW1T5nt5EbFoAz/Vg=="],

    "debug": ["debug@4.4.3", "", { "dependencies": { "ms": "^2.1.3" } }, "sha512-RGwwWnwQvkVfavKVt22FGLw+xYSdzARwm0ru6DhTVA3umU5hZc28V3kO4stgYryrTlLpuvgI9GiijltAjNbcqA=="],

    "env-paths": ["env-paths@2.2.1", "", {}, "sha512-+h1lkLKhZMTYjog1VEpJNG7NZJWcuc2DDk/qsqSTRRCOXiLjeQ1d1/udrUGhqMxUgAlwKNZ0cf2uqan5GLuS2A=="],

    "exponential-backoff": ["exponential-backoff@3.1.3", "", {}, "sha512-ZgEeZXj30q+I0EN+CbSSpIyPaJ5HVQD18Z1m+u1FXbAeT94mr1zw50q4q6jiiC447Nl/YTcIYSAftiGqetwXCA=="],

    "fdir": ["fdir@6.5.0", "", { "peerDependencies": { "picomatch": "^3 || ^4" }, "optionalPeers": ["picomatch"] }, "sha512-tIbYtZbucOs0BRGqPJkshJUYdL+SDH7dVM8gjy+ERp3WAUjLEFJE+02kanyHtwjWOnwrKYBiwAmM0p4kLJAnXg=="],

    "fs-minipass": ["fs-minipass@3.0.3", "", { "dependencies": { "minipass": "^7.0.3" } }, "sha512-XUBA9XClHbnJWSfBzjkm6RvPsyg3sryZt06BEQoXcF7EK/xpGaQYJgQKDJSUH5SGZ76Y7pFx1QBnXz09rU5Fbw=="],

    "glob": ["glob@13.0.6", "", { "dependencies": { "minimatch": "^10.2.2", "minipass": "^7.1.3", "path-scurry": "^2.0.2" } }, "sha512-Wjlyrolmm8uDpm/ogGyXZXb1Z+Ca2B8NbJwqBVg0axK9GbBeoS7yGV6vjXnYdGm6X53iehEuxxbyiKp8QmN4Vw=="],

    "graceful-fs": ["graceful-fs@4.2.11", "", {}, "sha512-RbJ5/jmFcNNCcDV5o9eTnBLJ/HszWV0P73bc+Ff4nS/rJj+YaS6IGyiOL0VoBYX+l1Wrl3k63h/KrH+nhJ0XvQ=="],

    "has-flag": ["has-flag@4.0.0", "", {}, "sha512-EykJT/Q1KjTWctppgIAgfSO0tKVuZUjhgMr17kqTumMl6Afv3EISleU7qZUzoXDFTAHTDC4NOoG/ZxU3EvlMPQ=="],

    "hosted-git-info": ["hosted-git-info@9.0.3", "", { "dependencies": { "lru-cache": "^11.1.0" } }, "sha512-Hc+ghLoSt6QaYZUv0WBiIvmMDZuZZ7oaDvdH8MbfOO4lOsxdXLEvuC6ePoGs9H1X9oCLyq6+NVN0MKqD+ydxyg=="],

    "http-cache-semantics": ["http-cache-semantics@4.2.0", "", {}, "sha512-dTxcvPXqPvXBQpq5dUr6mEMJX4oIEFv6bwom3FDwKRDsuIjjJGANqhBuoAn9c1RQJIdAKav33ED65E2ys+87QQ=="],

    "http-proxy-agent": ["http-proxy-agent@7.0.2", "", { "dependencies": { "agent-base": "^7.1.0", "debug": "^4.3.4" } }, "sha512-T1gkAiYYDWYx3V5Bmyu7HcfcvL7mUrTWiM6yOfa3PIphViJ/gFPbvidQ+veqSOHci/PxBcDabeUNCzpOODJZig=="],

    "https-proxy-agent": ["https-proxy-agent@7.0.6", "", { "dependencies": { "agent-base": "^7.1.2", "debug": "4" } }, "sha512-vK9P5/iUfdl95AI+JVyUuIcVtd4ofvtrOr3HNtM2yxC9bnMbEdp3x01OhQNnjb8IJYi38VlTE3mBXwcfvywuSw=="],

    "iconv-lite": ["iconv-lite@0.7.2", "", { "dependencies": { "safer-buffer": ">= 2.1.2 < 3.0.0" } }, "sha512-im9DjEDQ55s9fL4EYzOAv0yMqmMBSZp6G0VvFyTMPKWxiSBHUj9NW/qqLmXUwXrrM7AvqSlTCfvqRb0cM8yYqw=="],

    "ignore-walk": ["ignore-walk@8.0.0", "", { "dependencies": { "minimatch": "^10.0.3" } }, "sha512-FCeMZT4NiRQGh+YkeKMtWrOmBgWjHjMJ26WQWrRQyoyzqevdaGSakUaJW5xQYmjLlUVk2qUnCjYVBax9EKKg8A=="],

    "ini": ["ini@6.0.0", "", {}, "sha512-IBTdIkzZNOpqm7q3dRqJvMaldXjDHWkEDfrwGEQTs5eaQMWV+djAhR+wahyNNMAa+qpbDUhBMVt4ZKNwpPm7xQ=="],

    "ip-address": ["ip-address@10.2.0", "", {}, "sha512-/+S6j4E9AHvW9SWMSEY9Xfy66O5PWvVEJ08O0y5JGyEKQpojb0K0GKpz/v5HJ/G0vi3D2sjGK78119oXZeE0qA=="],

    "isexe": ["isexe@4.0.0", "", {}, "sha512-FFUtZMpoZ8RqHS3XeXEmHWLA4thH+ZxCv2lOiPIn1Xc7CxrqhWzNSDzD+/chS/zbYezmiwWLdQC09JdQKmthOw=="],

    "json-parse-even-better-errors": ["json-parse-even-better-errors@5.0.0", "", {}, "sha512-ZF1nxZ28VhQouRWhUcVlUIN3qwSgPuswK05s/HIaoetAoE/9tngVmCHjSxmSQPav1nd+lPtTL0YZ/2AFdR/iYQ=="],

    "json-stringify-nice": ["json-stringify-nice@1.1.4", "", {}, "sha512-5Z5RFW63yxReJ7vANgW6eZFGWaQvnPE3WNmZoOJrSkGju2etKA2L5rrOa1sm877TVTFt57A80BH1bArcmlLfPw=="],

    "jsonparse": ["jsonparse@1.3.1", "", {}, "sha512-POQXvpdL69+CluYsillJ7SUhKvytYjW9vG/GKpnf+xP8UWgYEM/RaMzHHofbALDiKbbP1W8UEYmgGl39WkPZsg=="],

    "just-diff": ["just-diff@6.0.2", "", {}, "sha512-S59eriX5u3/QhMNq3v/gm8Kd0w8OS6Tz2FS1NG4blv+z0MuQcBRJyFWjdovM0Rad4/P4aUPFtnkNjMjyMlMSYA=="],

    "just-diff-apply": ["just-diff-apply@5.5.0", "", {}, "sha512-OYTthRfSh55WOItVqwpefPtNt2VdKsq5AnAK6apdtR6yCH8pr0CmSr710J0Mf+WdQy7K/OzMy7K2MgAfdQURDw=="],

    "license-checker-rseidelsohn": ["license-checker-rseidelsohn@5.0.1", "", { "dependencies": { "@npmcli/arborist": "9.6.0", "@npmcli/package-json": "7.0.5", "chalk": "4.1.2", "debug": "^4.3.4", "lodash.clonedeep": "^4.5.0", "mkdirp": "^1.0.4", "nopt": "^7.2.0", "semver": "^7.3.5", "spdx-correct": "^3.2.0", "spdx-expression-parse": "^4.0.0", "spdx-satisfies": "^6.0.0", "treeify": "^1.1.0" }, "bin": { "license-checker-rseidelsohn": "bin/license-checker-rseidelsohn.js" } }, "sha512-9X+ikKxt9Hy3zOrOZzW1dXL4St5akoYjLt63Am9JZVzU6aTdN+xfDvqySpnJT+gF/h5RmtMk2waW6TDNNCKbqQ=="],

    "lodash.clonedeep": ["lodash.clonedeep@4.5.0", "", {}, "sha512-H5ZhCF25riFd9uB5UCkVKo61m3S/xZk1x4wA6yp/L3RFP6Z/eHH1ymQcGLo7J3GMPfm0V/7m1tryHuGVxpqEBQ=="],

    "lru-cache": ["lru-cache@11.5.1", "", {}, "sha512-RPimw/7aMdv2oqRrxKwvZXcPfwBrn/JZ2xYcY9Hus/6LaS3VOAKVWKWgNLCFSiOm1ESXinjsDlidVU7JlnCN2A=="],

    "make-fetch-happen": ["make-fetch-happen@15.0.6", "", { "dependencies": { "@gar/promise-retry": "^1.0.0", "@npmcli/agent": "^4.0.0", "@npmcli/redact": "^4.0.0", "cacache": "^20.0.1", "http-cache-semantics": "^4.1.1", "minipass": "^7.0.2", "minipass-fetch": "^5.0.0", "minipass-flush": "^1.0.5", "minipass-pipeline": "^1.2.4", "negotiator": "^1.0.0", "proc-log": "^6.0.0", "ssri": "^13.0.0" } }, "sha512-Je0fLJ0F5atA7F+eIlLzk+Wkcl57JDf4kf+EW8xiP5E31xOQxkIxTbgf1Oi1Lw9tRI9UEMRdI5Vz2xTzoNU1Jw=="],

    "minimatch": ["minimatch@10.2.5", "", { "dependencies": { "brace-expansion": "^5.0.5" } }, "sha512-MULkVLfKGYDFYejP07QOurDLLQpcjk7Fw+7jXS2R2czRQzR56yHRveU5NDJEOviH+hETZKSkIk5c+T23GjFUMg=="],

    "minipass": ["minipass@7.1.3", "", {}, "sha512-tEBHqDnIoM/1rXME1zgka9g6Q2lcoCkxHLuc7ODJ5BxbP5d4c2Z5cGgtXAku59200Cx7diuHTOYfSBD8n6mm8A=="],

    "minipass-collect": ["minipass-collect@2.0.1", "", { "dependencies": { "minipass": "^7.0.3" } }, "sha512-D7V8PO9oaz7PWGLbCACuI1qEOsq7UKfLotx/C0Aet43fCUB/wfQ7DYeq2oR/svFJGYDHPr38SHATeaj/ZoKHKw=="],

    "minipass-fetch": ["minipass-fetch@5.0.2", "", { "dependencies": { "minipass": "^7.0.3", "minipass-sized": "^2.0.0", "minizlib": "^3.0.1" }, "optionalDependencies": { "iconv-lite": "^0.7.2" } }, "sha512-2d0q2a8eCi2IRg/IGubCNRJoYbA1+YPXAzQVRFmB45gdGZafyivnZ5YSEfo3JikbjGxOdntGFvBQGqaSMXlAFQ=="],

    "minipass-flush": ["minipass-flush@1.0.7", "", { "dependencies": { "minipass": "^3.0.0" } }, "sha512-TbqTz9cUwWyHS2Dy89P3ocAGUGxKjjLuR9z8w4WUTGAVgEj17/4nhgo2Du56i0Fm3Pm30g4iA8Lcqctc76jCzA=="],

    "minipass-pipeline": ["minipass-pipeline@1.2.4", "", { "dependencies": { "minipass": "^3.0.0" } }, "sha512-xuIq7cIOt09RPRJ19gdi4b+RiNvDFYe5JH+ggNvBqGqpQXcru3PcRmOZuHBKWK1Txf9+cQ+HMVN4d6z46LZP7A=="],

    "minipass-sized": ["minipass-sized@2.0.0", "", { "dependencies": { "minipass": "^7.1.2" } }, "sha512-zSsHhto5BcUVM2m1LurnXY6M//cGhVaegT71OfOXoprxT6o780GZd792ea6FfrQkuU4usHZIUczAQMRUE2plzA=="],

    "minizlib": ["minizlib@3.1.0", "", { "dependencies": { "minipass": "^7.1.2" } }, "sha512-KZxYo1BUkWD2TVFLr0MQoM8vUUigWD3LlD83a/75BqC+4qE0Hb1Vo5v1FgcfaNXvfXzr+5EhQ6ing/CaBijTlw=="],

    "mkdirp": ["mkdirp@1.0.4", "", { "bin": { "mkdirp": "bin/cmd.js" } }, "sha512-vVqVZQyf3WLx2Shd0qJ9xuvqgAyKPLAiqITEtqW0oIUjzo3PePDd6fW9iFz30ef7Ysp/oiWqbhszeGWW2T6Gzw=="],

    "ms": ["ms@2.1.3", "", {}, "sha512-6FlzubTLZG3J2a/NVCAleEhjzq5oxgHyaCU9yYXvcLsvoVaHJq/s5xXI6/XXP6tz7R9xAOtHnSO/tXtF3WRTlA=="],

    "negotiator": ["negotiator@1.0.0", "", {}, "sha512-8Ofs/AUQh8MaEcrlq5xOX0CQ9ypTF5dl78mjlMNfOK08fzpgTHQRQPBxcPlEtIw0yRpws+Zo/3r+5WRby7u3Gg=="],

    "node-gyp": ["node-gyp@12.3.0", "", { "dependencies": { "env-paths": "^2.2.0", "exponential-backoff": "^3.1.1", "graceful-fs": "^4.2.6", "nopt": "^9.0.0", "proc-log": "^6.0.0", "semver": "^7.3.5", "tar": "^7.5.4", "tinyglobby": "^0.2.12", "undici": "^6.25.0", "which": "^6.0.0" }, "bin": { "node-gyp": "bin/node-gyp.js" } }, "sha512-QNcUWM+HgJplcPzBvFBZ9VXacyGZ4+VTOb80PwWR+TlVzoHbRKULNEzpRsnaoxG3Wzr7Qh7BYxGDU3CbKib2Yg=="],

    "nopt": ["nopt@7.2.1", "", { "dependencies": { "abbrev": "^2.0.0" }, "bin": { "nopt": "bin/nopt.js" } }, "sha512-taM24ViiimT/XntxbPyJQzCG+p4EKOpgD3mxFwW38mGjVUrfERQOeY4EDHjdnptttfHuHQXFx+lTP08Q+mLa/w=="],

    "npm-bundled": ["npm-bundled@5.0.0", "", { "dependencies": { "npm-normalize-package-bin": "^5.0.0" } }, "sha512-JLSpbzh6UUXIEoqPsYBvVNVmyrjVZ1fzEFbqxKkTJQkWBO3xFzFT+KDnSKQWwOQNbuWRwt5LSD6HOTLGIWzfrw=="],

    "npm-install-checks": ["npm-install-checks@8.0.0", "", { "dependencies": { "semver": "^7.1.1" } }, "sha512-ScAUdMpyzkbpxoNekQ3tNRdFI8SJ86wgKZSQZdUxT+bj0wVFpsEMWnkXP0twVe1gJyNF5apBWDJhhIbgrIViRA=="],

    "npm-normalize-package-bin": ["npm-normalize-package-bin@5.0.0", "", {}, "sha512-CJi3OS4JLsNMmr2u07OJlhcrPxCeOeP/4xq67aWNai6TNWWbTrlNDgl8NcFKVlcBKp18GPj+EzbNIgrBfZhsag=="],

    "npm-package-arg": ["npm-package-arg@13.0.2", "", { "dependencies": { "hosted-git-info": "^9.0.0", "proc-log": "^6.0.0", "semver": "^7.3.5", "validate-npm-package-name": "^7.0.0" } }, "sha512-IciCE3SY3uE84Ld8WZU23gAPPV9rIYod4F+rc+vJ7h7cwAJt9Vk6TVsK60ry7Uj3SRS3bqRRIGuTp9YVlk6WNA=="],

    "npm-packlist": ["npm-packlist@10.0.4", "", { "dependencies": { "ignore-walk": "^8.0.0", "proc-log": "^6.0.0" } }, "sha512-uMW73iajD8hiH4ZBxEV3HC+eTnppIqwakjOYuvgddnalIw2lJguKviK1pcUJDlIWm1wSJkchpDZDSVVsZEYRng=="],

    "npm-pick-manifest": ["npm-pick-manifest@11.0.3", "", { "dependencies": { "npm-install-checks": "^8.0.0", "npm-normalize-package-bin": "^5.0.0", "npm-package-arg": "^13.0.0", "semver": "^7.3.5" } }, "sha512-buzyCfeoGY/PxKqmBqn1IUJrZnUi1VVJTdSSRPGI60tJdUhUoSQFhs0zycJokDdOznQentgrpf8LayEHyyYlqQ=="],

    "npm-registry-fetch": ["npm-registry-fetch@19.1.1", "", { "dependencies": { "@npmcli/redact": "^4.0.0", "jsonparse": "^1.3.1", "make-fetch-happen": "^15.0.0", "minipass": "^7.0.2", "minipass-fetch": "^5.0.0", "minizlib": "^3.0.1", "npm-package-arg": "^13.0.0", "proc-log": "^6.0.0" } }, "sha512-TakBap6OM1w0H73VZVDf44iFXsOS3h+L4wVMXmbWOQroZgFhMch0juN6XSzBNlD965yIKvWg2dfu7NSiaYLxtw=="],

    "p-map": ["p-map@7.0.4", "", {}, "sha512-tkAQEw8ysMzmkhgw8k+1U/iPhWNhykKnSk4Rd5zLoPJCuJaGRPo6YposrZgaxHKzDHdDWWZvE/Sk7hsL2X/CpQ=="],

    "pacote": ["pacote@21.5.0", "", { "dependencies": { "@gar/promise-retry": "^1.0.0", "@npmcli/git": "^7.0.0", "@npmcli/installed-package-contents": "^4.0.0", "@npmcli/package-json": "^7.0.0", "@npmcli/promise-spawn": "^9.0.0", "@npmcli/run-script": "^10.0.0", "cacache": "^20.0.0", "fs-minipass": "^3.0.0", "minipass": "^7.0.2", "npm-package-arg": "^13.0.0", "npm-packlist": "^10.0.1", "npm-pick-manifest": "^11.0.1", "npm-registry-fetch": "^19.0.0", "proc-log": "^6.0.0", "sigstore": "^4.0.0", "ssri": "^13.0.0", "tar": "^7.4.3" }, "bin": { "pacote": "bin/index.js" } }, "sha512-VtZ0SB8mb5Tzw3dXDfVAIjhyVKUHZkS/ZH9/5mpKenwC9sFOXNI0JI7kEF7IMkwOnsWMFrvAZHzx1T5fmrp9FQ=="],

    "parse-conflict-json": ["parse-conflict-json@5.0.1", "", { "dependencies": { "json-parse-even-better-errors": "^5.0.0", "just-diff": "^6.0.0", "just-diff-apply": "^5.2.0" } }, "sha512-ZHEmNKMq1wyJXNwLxyHnluPfRAFSIliBvbK/UiOceROt4Xh9Pz0fq49NytIaeaCUf5VR86hwQ/34FCcNU5/LKQ=="],

    "path-scurry": ["path-scurry@2.0.2", "", { "dependencies": { "lru-cache": "^11.0.0", "minipass": "^7.1.2" } }, "sha512-3O/iVVsJAPsOnpwWIeD+d6z/7PmqApyQePUtCndjatj/9I5LylHvt5qluFaBT3I5h3r1ejfR056c+FCv+NnNXg=="],

    "physlab": ["physlab@workspace:mcp-server"],

    "picomatch": ["picomatch@4.0.4", "", {}, "sha512-QP88BAKvMam/3NxH6vj2o21R6MjxZUAd6nlwAS/pnGvN9IVLocLHxGYIzFhg6fUQ+5th6P4dv4eW9jX3DSIj7A=="],

    "postcss-selector-parser": ["postcss-selector-parser@7.1.1", "", { "dependencies": { "cssesc": "^3.0.0", "util-deprecate": "^1.0.2" } }, "sha512-orRsuYpJVw8LdAwqqLykBj9ecS5/cRHlI5+nvTo8LcCKmzDmqVORXtOIYEEQuL9D4BxtA1lm5isAqzQZCoQ6Eg=="],

    "proc-log": ["proc-log@6.1.0", "", {}, "sha512-iG+GYldRf2BQ0UDUAd6JQ/RwzaQy6mXmsk/IzlYyal4A4SNFw54MeH4/tLkF4I5WoWG9SQwuqWzS99jaFQHBuQ=="],

    "proggy": ["proggy@4.0.0", "", {}, "sha512-MbA4R+WQT76ZBm/5JUpV9yqcJt92175+Y0Bodg3HgiXzrmKu7Ggq+bpn6y6wHH+gN9NcyKn3yg1+d47VaKwNAQ=="],

    "promise-all-reject-late": ["promise-all-reject-late@1.0.1", "", {}, "sha512-vuf0Lf0lOxyQREH7GDIOUMLS7kz+gs8i6B+Yi8dC68a2sychGrHTJYghMBD6k7eUcH0H5P73EckCA48xijWqXw=="],

    "promise-call-limit": ["promise-call-limit@3.0.2", "", {}, "sha512-mRPQO2T1QQVw11E7+UdCJu7S61eJVWknzml9sC1heAdj1jxl0fWMBypIt9ZOcLFf8FkG995ZD7RnVk7HH72fZw=="],

    "read-cmd-shim": ["read-cmd-shim@6.0.0", "", {}, "sha512-1zM5HuOfagXCBWMN83fuFI/x+T/UhZ7k+KIzhrHXcQoeX5+7gmaDYjELQHmmzIodumBHeByBJT4QYS7ufAgs7A=="],

    "safer-buffer": ["safer-buffer@2.1.2", "", {}, "sha512-YZo3K82SD7Riyi0E1EQPojLz7kpepnSQI9IyPbHHg1XXXevb5dJI7tpyN2ADxGcQbHG7vcyRHk0cbwqcQriUtg=="],

    "semver": ["semver@7.8.1", "", { "bin": { "semver": "bin/semver.js" } }, "sha512-rkVq3IXh+4FDGch+KwzX3aV9W3kO54GyEgpvBzSyctDA6Xtd7RJQV1xmXbeQp5v7+VzLOfVqiutSE6GICgPFvg=="],

    "signal-exit": ["signal-exit@4.1.0", "", {}, "sha512-bzyZ1e88w9O1iNJbKnOlvYTrWPDl46O1bG0D3XInv+9tkPrxrN8jUUTiFlDkkmKWgn1M6CfIA13SuGqOa9Korw=="],

    "sigstore": ["sigstore@4.1.1", "", { "dependencies": { "@sigstore/bundle": "^4.0.0", "@sigstore/core": "^3.2.1", "@sigstore/protobuf-specs": "^0.5.0", "@sigstore/sign": "^4.1.1", "@sigstore/tuf": "^4.0.2", "@sigstore/verify": "^3.1.1" } }, "sha512-endqECJkfhozrXMK5ngu/UAA0xVcVEFdnHJCElGaExypjW+HK5i6zu3NteLoaX/iFbRUbC3+DjttQs0GARr+5w=="],

    "smart-buffer": ["smart-buffer@4.2.0", "", {}, "sha512-94hK0Hh8rPqQl2xXc3HsaBoOXKV20MToPkcXvwbISWLEs+64sBq5kFgn2kJDHb1Pry9yrP0dxrCI9RRci7RXKg=="],

    "socks": ["socks@2.8.9", "", { "dependencies": { "ip-address": "^10.1.1", "smart-buffer": "^4.2.0" } }, "sha512-LJhUYUvItdQ0LkJTmPeaEObWXAqFyfmP85x0tch/ez9cahmhlBBLbIqDFnvBnUJGagb0JbIQrkBs1wJ+yRYpEw=="],

    "socks-proxy-agent": ["socks-proxy-agent@8.0.5", "", { "dependencies": { "agent-base": "^7.1.2", "debug": "^4.3.4", "socks": "^2.8.3" } }, "sha512-HehCEsotFqbPW9sJ8WVYB6UbmIMv7kUUORIF2Nncq4VQvBfNBLibW9YZR5dlYCSUhwcD628pRllm7n+E+YTzJw=="],

    "spdx-compare": ["spdx-compare@1.0.0", "", { "dependencies": { "array-find-index": "^1.0.2", "spdx-expression-parse": "^3.0.0", "spdx-ranges": "^2.0.0" } }, "sha512-C1mDZOX0hnu0ep9dfmuoi03+eOdDoz2yvK79RxbcrVEG1NO1Ph35yW102DHWKN4pk80nwCgeMmSY5L25VE4D9A=="],

    "spdx-correct": ["spdx-correct@3.2.0", "", { "dependencies": { "spdx-expression-parse": "^3.0.0", "spdx-license-ids": "^3.0.0" } }, "sha512-kN9dJbvnySHULIluDHy32WHRUu3Og7B9sbY7tsFLctQkIqnMh3hErYgdMjTYuqmcXX+lK5T1lnUt3G7zNswmZA=="],

    "spdx-exceptions": ["spdx-exceptions@2.5.0", "", {}, "sha512-PiU42r+xO4UbUS1buo3LPJkjlO7430Xn5SVAhdpzzsPHsjbYVflnnFdATgabnLude+Cqu25p6N+g2lw/PFsa4w=="],

    "spdx-expression-parse": ["spdx-expression-parse@4.0.0", "", { "dependencies": { "spdx-exceptions": "^2.1.0", "spdx-license-ids": "^3.0.0" } }, "sha512-Clya5JIij/7C6bRR22+tnGXbc4VKlibKSVj2iHvVeX5iMW7s1SIQlqu699JkODJJIhh/pUu8L0/VLh8xflD+LQ=="],

    "spdx-license-ids": ["spdx-license-ids@3.0.23", "", {}, "sha512-CWLcCCH7VLu13TgOH+r8p1O/Znwhqv/dbb6lqWy67G+pT1kHmeD/+V36AVb/vq8QMIQwVShJ6Ssl5FPh0fuSdw=="],

    "spdx-ranges": ["spdx-ranges@2.1.1", "", {}, "sha512-mcdpQFV7UDAgLpXEE/jOMqvK4LBoO0uTQg0uvXUewmEFhpiZx5yJSZITHB8w1ZahKdhfZqP5GPEOKLyEq5p8XA=="],

    "spdx-satisfies": ["spdx-satisfies@6.0.0", "", { "dependencies": { "spdx-compare": "^1.0.0", "spdx-expression-parse": "^3.0.0", "spdx-ranges": "^2.0.0" } }, "sha512-oOWQocnRbFVtBnBITfFgzjhnOklHossTvI+6C1hB2slvp3HgTsfru5wuo8HY2rQpwSm5JuIhNzIuqOfR5IuojQ=="],

    "ssri": ["ssri@13.0.1", "", { "dependencies": { "minipass": "^7.0.3" } }, "sha512-QUiRf1+u9wPTL/76GTYlKttDEBWV1ga9ZXW8BG6kfdeyyM8LGPix9gROyg9V2+P0xNyF3X2Go526xKFdMZrHSQ=="],

    "supports-color": ["supports-color@7.2.0", "", { "dependencies": { "has-flag": "^4.0.0" } }, "sha512-qpCAvRl9stuOHveKsn7HncJRvv501qIacKzQlO/+Lwxc9+0q2wLyv4Dfvt80/DPn2pqOBsJdDiogXGR9+OvwRw=="],

    "tar": ["tar@7.5.15", "", { "dependencies": { "@isaacs/fs-minipass": "^4.0.0", "chownr": "^3.0.0", "minipass": "^7.1.2", "minizlib": "^3.1.0", "yallist": "^5.0.0" } }, "sha512-dzGK0boVlC4W5QFuQN1EFSl3bIDYsk7Tj40U6eIBnK2k/8ml7TZ5agbI5j5+qnoVcAA+rNtBml8SEiLxZpNqRQ=="],

    "tinyglobby": ["tinyglobby@0.2.16", "", { "dependencies": { "fdir": "^6.5.0", "picomatch": "^4.0.4" } }, "sha512-pn99VhoACYR8nFHhxqix+uvsbXineAasWm5ojXoN8xEwK5Kd3/TrhNn1wByuD52UxWRLy8pu+kRMniEi6Eq9Zg=="],

    "treeify": ["treeify@1.1.0", "", {}, "sha512-1m4RA7xVAJrSGrrXGs0L3YTwyvBs2S8PbRHaLZAkFw7JR8oIFwYtysxlBZhYIa7xSyiYJKZ3iGrrk55cGA3i9A=="],

    "treeverse": ["treeverse@3.0.0", "", {}, "sha512-gcANaAnd2QDZFmHFEOF4k7uc1J/6a6z3DJMd/QwEyxLoKGiptJRwid582r7QIsFlFMIZ3SnxfS52S4hm2DHkuQ=="],

    "tuf-js": ["tuf-js@4.1.0", "", { "dependencies": { "@tufjs/models": "4.1.0", "debug": "^4.4.3", "make-fetch-happen": "^15.0.1" } }, "sha512-50QV99kCKH5P/Vs4E2Gzp7BopNV+KzTXqWeaxrfu5IQJBOULRsTIS9seSsOVT8ZnGXzCyx55nYWAi4qJzpZKEQ=="],

    "typescript": ["typescript@5.9.3", "", { "bin": { "tsc": "bin/tsc", "tsserver": "bin/tsserver" } }, "sha512-jl1vZzPDinLr9eUt3J/t7V6FgNEw9QjvBPdysz9KfQDD41fQrC2Y4vKQdiaUpFT4bXlb1RHhLpp8wtm6M5TgSw=="],

    "undici": ["undici@6.26.0", "", {}, "sha512-4yqz8a3n5HmGTlsbADNtr/dJlhkh/55Rq798G6ibiULcXbDtaLpTl1pvdqcbFfeoj3iSi52lePFM7h9H21cw/A=="],

    "util-deprecate": ["util-deprecate@1.0.2", "", {}, "sha512-EPD5q1uXyFxJpCrLnCc1nHnq3gOa6DZBocAIiI2TaSCA7VCJ1UJDMagCzIkXNsUYfD1daK//LTEQ8xiIbrHtcw=="],

    "validate-npm-package-name": ["validate-npm-package-name@7.0.2", "", {}, "sha512-hVDIBwsRruT73PbK7uP5ebUt+ezEtCmzZz3F59BSr2F6OVFnJ/6h8liuvdLrQ88Xmnk6/+xGGuq+pG9WwTuy3A=="],

    "walk-up-path": ["walk-up-path@4.0.0", "", {}, "sha512-3hu+tD8YzSLGuFYtPRb48vdhKMi0KQV5sn+uWr8+7dMEq/2G/dtLrdDinkLjqq5TIbIBjYJ4Ax/n3YiaW7QM8A=="],

    "which": ["which@6.0.1", "", { "dependencies": { "isexe": "^4.0.0" }, "bin": { "node-which": "bin/which.js" } }, "sha512-oGLe46MIrCRqX7ytPUf66EAYvdeMIZYn3WaocqqKZAxrBpkqHfL/qvTyJ/bTk5+AqHCjXmrv3CEWgy368zhRUg=="],

    "write-file-atomic": ["write-file-atomic@7.0.1", "", { "dependencies": { "signal-exit": "^4.0.1" } }, "sha512-OTIk8iR8/aCRWBqvxrzxR0hgxWpnYBblY1S5hDWBQfk/VFmJwzmJgQFN3WsoUKHISv2eAwe+PpbUzyL1CKTLXg=="],

    "yallist": ["yallist@5.0.0", "", {}, "sha512-YgvUTfwqyc7UXVMrB+SImsVYSmTS8X/tSrtdNZMImM+n7+QTriRXyXim0mBrTXNeqzVF0KWGgHPeiyViFFrNDw=="],

    "@npmcli/arborist/nopt": ["nopt@9.0.0", "", { "dependencies": { "abbrev": "^4.0.0" }, "bin": { "nopt": "bin/nopt.js" } }, "sha512-Zhq3a+yFKrYwSBluL4H9XP3m3y5uvQkB/09CwDruCiRmR/UJYnn9W4R48ry0uGC70aeTPKLynBtscP9efFFcPw=="],

    "minipass-flush/minipass": ["minipass@3.3.6", "", { "dependencies": { "yallist": "^4.0.0" } }, "sha512-DxiNidxSEK+tHG6zOIklvNOwm3hvCrbUrdtzY74U6HKTJxvIDfOUL5W5P2Ghd3DTkhhKPYGqeNUIh5qcM4YBfw=="],

    "minipass-pipeline/minipass": ["minipass@3.3.6", "", { "dependencies": { "yallist": "^4.0.0" } }, "sha512-DxiNidxSEK+tHG6zOIklvNOwm3hvCrbUrdtzY74U6HKTJxvIDfOUL5W5P2Ghd3DTkhhKPYGqeNUIh5qcM4YBfw=="],

    "node-gyp/nopt": ["nopt@9.0.0", "", { "dependencies": { "abbrev": "^4.0.0" }, "bin": { "nopt": "bin/nopt.js" } }, "sha512-Zhq3a+yFKrYwSBluL4H9XP3m3y5uvQkB/09CwDruCiRmR/UJYnn9W4R48ry0uGC70aeTPKLynBtscP9efFFcPw=="],

    "spdx-compare/spdx-expression-parse": ["spdx-expression-parse@3.0.1", "", { "dependencies": { "spdx-exceptions": "^2.1.0", "spdx-license-ids": "^3.0.0" } }, "sha512-cbqHunsQWnJNE6KhVSMsMeH5H/L9EpymbzqTQ3uLwNCLZ1Q481oWaofqH7nO6V07xlXwY6PhQdQ2IedWx/ZK4Q=="],

    "spdx-correct/spdx-expression-parse": ["spdx-expression-parse@3.0.1", "", { "dependencies": { "spdx-exceptions": "^2.1.0", "spdx-license-ids": "^3.0.0" } }, "sha512-cbqHunsQWnJNE6KhVSMsMeH5H/L9EpymbzqTQ3uLwNCLZ1Q481oWaofqH7nO6V07xlXwY6PhQdQ2IedWx/ZK4Q=="],

    "spdx-satisfies/spdx-expression-parse": ["spdx-expression-parse@3.0.1", "", { "dependencies": { "spdx-exceptions": "^2.1.0", "spdx-license-ids": "^3.0.0" } }, "sha512-cbqHunsQWnJNE6KhVSMsMeH5H/L9EpymbzqTQ3uLwNCLZ1Q481oWaofqH7nO6V07xlXwY6PhQdQ2IedWx/ZK4Q=="],

    "@npmcli/arborist/nopt/abbrev": ["abbrev@4.0.0", "", {}, "sha512-a1wflyaL0tHtJSmLSOVybYhy22vRih4eduhhrkcjgrWGnRfrZtovJ2FRjxuTtkkj47O/baf0R86QU5OuYpz8fA=="],

    "minipass-flush/minipass/yallist": ["yallist@4.0.0", "", {}, "sha512-3wdGidZyq5PB084XLES5TpOSRA3wjXAlIWMhum2kRcv/41Sn2emQ0dycQW4uZXLejwKvg6EsvbdlVL+FYEct7A=="],

    "minipass-pipeline/minipass/yallist": ["yallist@4.0.0", "", {}, "sha512-3wdGidZyq5PB084XLES5TpOSRA3wjXAlIWMhum2kRcv/41Sn2emQ0dycQW4uZXLejwKvg6EsvbdlVL+FYEct7A=="],

    "node-gyp/nopt/abbrev": ["abbrev@4.0.0", "", {}, "sha512-a1wflyaL0tHtJSmLSOVybYhy22vRih4eduhhrkcjgrWGnRfrZtovJ2FRjxuTtkkj47O/baf0R86QU5OuYpz8fA=="],
  }
}
